
Microsoft Visual Studio Solution File, Format Version 12.00
# Visual Studio Version 17
VisualStudioVersion = 17.14.36603.0 d17.14
MinimumVisualStudioVersion = 10.0.40219.1
Project("{FAE04EC0-301F-11D3-BF4B-00C04F79EFBC}") = "MyChatDB", "MyChatDB.csproj", "{1ECEA8D1-B0F9-4A17-A387-ED6EC62A898B}"
EndProject
Global
	GlobalSection(SolutionConfigurationPlatforms) = preSolution
		Debug|Any CPU = Debug|Any CPU
		Release|Any CPU = Release|Any CPU
	EndGlobalSection
	GlobalSection(ProjectConfigurationPlatforms) = postSolution
		{1ECEA8D1-B0F9-4A17-A387-ED6EC62A898B}.Debug|Any CPU.ActiveCfg = Debug|Any CPU
		{1ECEA8D1-B0F9-4A17-A387-ED6EC62A898B}.Debug|Any CPU.Build.0 = Debug|Any CPU
		{1ECEA8D1-B0F9-4A17-A387-ED6EC62A898B}.Release|Any CPU.ActiveCfg = Release|Any CPU
		{1ECEA8D1-B0F9-4A17-A387-ED6EC62A898B}.Release|Any CPU.Build.0 = Release|Any CPU
	EndGlobalSection
	GlobalSection(SolutionProperties) = preSolution
		HideSolutionNode = FALSE
	EndGlobalSection
	GlobalSection(ExtensibilityGlobals) = postSolution
		SolutionGuid = {4C071B23-A5B6-4495-90A3-487C2B1B17E6}
	EndGlobalSection
EndGlobal
